
Microsoft Visual Studio Solution File, Format Version 12.00
# Visual Studio Version 16
VisualStudioVersion = 16.0.30114.105
MinimumVisualStudioVersion = 10.0.40219.1
Project("{FAE04EC0-301F-11D3-BF4B-00C04F79EFBC}") = "R5T.L0013", "R5T.L0013\R5T.L0013.csproj", "{61A974D9-7E65-4E33-8DF2-F58C8CC3428E}"
EndProject
Project("{FAE04EC0-301F-11D3-BF4B-00C04F79EFBC}") = "R5T.L0013.Construction", "R5T.L0013.Construction\R5T.L0013.Construction.csproj", "{14DD0E74-8687-4F08-96C7-EB3D4CF7DE16}"
EndProject
Project("{FAE04EC0-301F-11D3-BF4B-00C04F79EFBC}") = "R5T.L0013.I001", "R5T.L0013.I001\R5T.L0013.I001.csproj", "{F6295914-1DEE-415C-A9EC-0320579BC6A1}"
EndProject
Project("{FAE04EC0-301F-11D3-BF4B-00C04F79EFBC}") = "R5T.L0013.X000", "R5T.L0013.X000\R5T.L0013.X000.csproj", "{46F09D65-D9E3-48B9-8077-8E557A5DD5C2}"
EndProject
Project("{FAE04EC0-301F-11D3-BF4B-00C04F79EFBC}") = "R5T.L0013.X001", "R5T.L0013.X001\R5T.L0013.X001.csproj", "{E98E8652-366F-4238-A27C-F3FB703F5145}"
EndProject
Global
	GlobalSection(SolutionConfigurationPlatforms) = preSolution
		Debug|Any CPU = Debug|Any CPU
		Debug|x64 = Debug|x64
		Debug|x86 = Debug|x86
		Release|Any CPU = Release|Any CPU
		Release|x64 = Release|x64
		Release|x86 = Release|x86
	EndGlobalSection
	GlobalSection(SolutionProperties) = preSolution
		HideSolutionNode = FALSE
	EndGlobalSection
	GlobalSection(ProjectConfigurationPlatforms) = postSolution
		{61A974D9-7E65-4E33-8DF2-F58C8CC3428E}.Debug|Any CPU.ActiveCfg = Debug|Any CPU
		{61A974D9-7E65-4E33-8DF2-F58C8CC3428E}.Debug|Any CPU.Build.0 = Debug|Any CPU
		{61A974D9-7E65-4E33-8DF2-F58C8CC3428E}.Debug|x64.ActiveCfg = Debug|Any CPU
		{61A974D9-7E65-4E33-8DF2-F58C8CC3428E}.Debug|x64.Build.0 = Debug|Any CPU
		{61A974D9-7E65-4E33-8DF2-F58C8CC3428E}.Debug|x86.ActiveCfg = Debug|Any CPU
		{61A974D9-7E65-4E33-8DF2-F58C8CC3428E}.Debug|x86.Build.0 = Debug|Any CPU
		{61A974D9-7E65-4E33-8DF2-F58C8CC3428E}.Release|Any CPU.ActiveCfg = Release|Any CPU
		{61A974D9-7E65-4E33-8DF2-F58C8CC3428E}.Release|Any CPU.Build.0 = Release|Any CPU
		{61A974D9-7E65-4E33-8DF2-F58C8CC3428E}.Release|x64.ActiveCfg = Release|Any CPU
		{61A974D9-7E65-4E33-8DF2-F58C8CC3428E}.Release|x64.Build.0 = Release|Any CPU
		{61A974D9-7E65-4E33-8DF2-F58C8CC3428E}.Release|x86.ActiveCfg = Release|Any CPU
		{61A974D9-7E65-4E33-8DF2-F58C8CC3428E}.Release|x86.Build.0 = Release|Any CPU
		{14DD0E74-8687-4F08-96C7-EB3D4CF7DE16}.Debug|Any CPU.ActiveCfg = Debug|Any CPU
		{14DD0E74-8687-4F08-96C7-EB3D4CF7DE16}.Debug|Any CPU.Build.0 = Debug|Any CPU
		{14DD0E74-8687-4F08-96C7-EB3D4CF7DE16}.Debug|x64.ActiveCfg = Debug|Any CPU
		{14DD0E74-8687-4F08-96C7-EB3D4CF7DE16}.Debug|x64.Build.0 = Debug|Any CPU
		{14DD0E74-8687-4F08-96C7-EB3D4CF7DE16}.Debug|x86.ActiveCfg = Debug|Any CPU
		{14DD0E74-8687-4F08-96C7-EB3D4CF7DE16}.Debug|x86.Build.0 = Debug|Any CPU
		{14DD0E74-8687-4F08-96C7-EB3D4CF7DE16}.Release|Any CPU.ActiveCfg = Release|Any CPU
		{14DD0E74-8687-4F08-96C7-EB3D4CF7DE16}.Release|Any CPU.Build.0 = Release|Any CPU
		{14DD0E74-8687-4F08-96C7-EB3D4CF7DE16}.Release|x64.ActiveCfg = Release|Any CPU
		{14DD0E74-8687-4F08-96C7-EB3D4CF7DE16}.Release|x64.Build.0 = Release|Any CPU
		{14DD0E74-8687-4F08-96C7-EB3D4CF7DE16}.Release|x86.ActiveCfg = Release|Any CPU
		{14DD0E74-8687-4F08-96C7-EB3D4CF7DE16}.Release|x86.Build.0 = Release|Any CPU
		{F6295914-1DEE-415C-A9EC-0320579BC6A1}.Debug|Any CPU.ActiveCfg = Debug|Any CPU
		{F6295914-1DEE-415C-A9EC-0320579BC6A1}.Debug|Any CPU.Build.0 = Debug|Any CPU
		{F6295914-1DEE-415C-A9EC-0320579BC6A1}.Debug|x64.ActiveCfg = Debug|Any CPU
		{F6295914-1DEE-415C-A9EC-0320579BC6A1}.Debug|x64.Build.0 = Debug|Any CPU
		{F6295914-1DEE-415C-A9EC-0320579BC6A1}.Debug|x86.ActiveCfg = Debug|Any CPU
		{F6295914-1DEE-415C-A9EC-0320579BC6A1}.Debug|x86.Build.0 = Debug|Any CPU
		{F6295914-1DEE-415C-A9EC-0320579BC6A1}.Release|Any CPU.ActiveCfg = Release|Any CPU
		{F6295914-1DEE-415C-A9EC-0320579BC6A1}.Release|Any CPU.Build.0 = Release|Any CPU
		{F6295914-1DEE-415C-A9EC-0320579BC6A1}.Release|x64.ActiveCfg = Release|Any CPU
		{F6295914-1DEE-415C-A9EC-0320579BC6A1}.Release|x64.Build.0 = Release|Any CPU
		{F6295914-1DEE-415C-A9EC-0320579BC6A1}.Release|x86.ActiveCfg = Release|Any CPU
		{F6295914-1DEE-415C-A9EC-0320579BC6A1}.Release|x86.Build.0 = Release|Any CPU
		{46F09D65-D9E3-48B9-8077-8E557A5DD5C2}.Debug|Any CPU.ActiveCfg = Debug|Any CPU
		{46F09D65-D9E3-48B9-8077-8E557A5DD5C2}.Debug|Any CPU.Build.0 = Debug|Any CPU
		{46F09D65-D9E3-48B9-8077-8E557A5DD5C2}.Debug|x64.ActiveCfg = Debug|Any CPU
		{46F09D65-D9E3-48B9-8077-8E557A5DD5C2}.Debug|x64.Build.0 = Debug|Any CPU
		{46F09D65-D9E3-48B9-8077-8E557A5DD5C2}.Debug|x86.ActiveCfg = Debug|Any CPU
		{46F09D65-D9E3-48B9-8077-8E557A5DD5C2}.Debug|x86.Build.0 = Debug|Any CPU
		{46F09D65-D9E3-48B9-8077-8E557A5DD5C2}.Release|Any CPU.ActiveCfg = Release|Any CPU
		{46F09D65-D9E3-48B9-8077-8E557A5DD5C2}.Release|Any CPU.Build.0 = Release|Any CPU
		{46F09D65-D9E3-48B9-8077-8E557A5DD5C2}.Release|x64.ActiveCfg = Release|Any CPU
		{46F09D65-D9E3-48B9-8077-8E557A5DD5C2}.Release|x64.Build.0 = Release|Any CPU
		{46F09D65-D9E3-48B9-8077-8E557A5DD5C2}.Release|x86.ActiveCfg = Release|Any CPU
		{46F09D65-D9E3-48B9-8077-8E557A5DD5C2}.Release|x86.Build.0 = Release|Any CPU
		{E98E8652-366F-4238-A27C-F3FB703F5145}.Debug|Any CPU.ActiveCfg = Debug|Any CPU
		{E98E8652-366F-4238-A27C-F3FB703F5145}.Debug|Any CPU.Build.0 = Debug|Any CPU
		{E98E8652-366F-4238-A27C-F3FB703F5145}.Debug|x64.ActiveCfg = Debug|Any CPU
		{E98E8652-366F-4238-A27C-F3FB703F5145}.Debug|x64.Build.0 = Debug|Any CPU
		{E98E8652-366F-4238-A27C-F3FB703F5145}.Debug|x86.ActiveCfg = Debug|Any CPU
		{E98E8652-366F-4238-A27C-F3FB703F5145}.Debug|x86.Build.0 = Debug|Any CPU
		{E98E8652-366F-4238-A27C-F3FB703F5145}.Release|Any CPU.ActiveCfg = Release|Any CPU
		{E98E8652-366F-4238-A27C-F3FB703F5145}.Release|Any CPU.Build.0 = Release|Any CPU
		{E98E8652-366F-4238-A27C-F3FB703F5145}.Release|x64.ActiveCfg = Release|Any CPU
		{E98E8652-366F-4238-A27C-F3FB703F5145}.Release|x64.Build.0 = Release|Any CPU
		{E98E8652-366F-4238-A27C-F3FB703F5145}.Release|x86.ActiveCfg = Release|Any CPU
		{E98E8652-366F-4238-A27C-F3FB703F5145}.Release|x86.Build.0 = Release|Any CPU
	EndGlobalSection
EndGlobal
