
Microsoft Visual Studio Solution File, Format Version 12.00
# Visual Studio Version 16
VisualStudioVersion = 16.6.30114.105
MinimumVisualStudioVersion = 10.0.40219.1
Project("{9A19103F-16F7-4668-BE54-9A1E7A4F7556}") = "R5T.L0013", "R5T.L0013\R5T.L0013.csproj", "{3D238CBB-217B-4F42-ADC2-759875DC4E3E}"
EndProject
Project("{9A19103F-16F7-4668-BE54-9A1E7A4F7556}") = "R5T.L0013.X000", "R5T.L0013.X000\R5T.L0013.X000.csproj", "{87EB7043-C59C-4F51-A5C5-3EE5A2F95087}"
EndProject
Project("{9A19103F-16F7-4668-BE54-9A1E7A4F7556}") = "R5T.L0013.X001", "R5T.L0013.X001\R5T.L0013.X001.csproj", "{BD2BAF0C-0C4A-4D1B-ABF6-3109DC583DE7}"
EndProject
Project("{9A19103F-16F7-4668-BE54-9A1E7A4F7556}") = "R5T.L0013.I001", "R5T.L0013.I001\R5T.L0013.I001.csproj", "{B73E7ACE-AD6E-4EAA-8E49-EF2A04083835}"
EndProject
Project("{2150E333-8FDC-42A3-9474-1A3956D46DE8}") = "_Dependencies", "_Dependencies", "{9D85E5E7-B564-4C84-A2D1-F7AC5037E8A0}"
EndProject
Project("{9A19103F-16F7-4668-BE54-9A1E7A4F7556}") = "R5T.T0062.X001", "..\..\R5T.T0062\source\R5T.T0062.X001\R5T.T0062.X001.csproj", "{FB3A3C82-2899-4C13-940A-EE31413DB270}"
EndProject
Global
	GlobalSection(SolutionConfigurationPlatforms) = preSolution
		Debug|Any CPU = Debug|Any CPU
		Debug|x64 = Debug|x64
		Debug|x86 = Debug|x86
		Release|Any CPU = Release|Any CPU
		Release|x64 = Release|x64
		Release|x86 = Release|x86
	EndGlobalSection
	GlobalSection(ProjectConfigurationPlatforms) = postSolution
		{3D238CBB-217B-4F42-ADC2-759875DC4E3E}.Debug|Any CPU.ActiveCfg = Debug|Any CPU
		{3D238CBB-217B-4F42-ADC2-759875DC4E3E}.Debug|Any CPU.Build.0 = Debug|Any CPU
		{3D238CBB-217B-4F42-ADC2-759875DC4E3E}.Debug|x64.ActiveCfg = Debug|Any CPU
		{3D238CBB-217B-4F42-ADC2-759875DC4E3E}.Debug|x64.Build.0 = Debug|Any CPU
		{3D238CBB-217B-4F42-ADC2-759875DC4E3E}.Debug|x86.ActiveCfg = Debug|Any CPU
		{3D238CBB-217B-4F42-ADC2-759875DC4E3E}.Debug|x86.Build.0 = Debug|Any CPU
		{3D238CBB-217B-4F42-ADC2-759875DC4E3E}.Release|Any CPU.ActiveCfg = Release|Any CPU
		{3D238CBB-217B-4F42-ADC2-759875DC4E3E}.Release|Any CPU.Build.0 = Release|Any CPU
		{3D238CBB-217B-4F42-ADC2-759875DC4E3E}.Release|x64.ActiveCfg = Release|Any CPU
		{3D238CBB-217B-4F42-ADC2-759875DC4E3E}.Release|x64.Build.0 = Release|Any CPU
		{3D238CBB-217B-4F42-ADC2-759875DC4E3E}.Release|x86.ActiveCfg = Release|Any CPU
		{3D238CBB-217B-4F42-ADC2-759875DC4E3E}.Release|x86.Build.0 = Release|Any CPU
		{87EB7043-C59C-4F51-A5C5-3EE5A2F95087}.Debug|Any CPU.ActiveCfg = Debug|Any CPU
		{87EB7043-C59C-4F51-A5C5-3EE5A2F95087}.Debug|Any CPU.Build.0 = Debug|Any CPU
		{87EB7043-C59C-4F51-A5C5-3EE5A2F95087}.Debug|x64.ActiveCfg = Debug|Any CPU
		{87EB7043-C59C-4F51-A5C5-3EE5A2F95087}.Debug|x64.Build.0 = Debug|Any CPU
		{87EB7043-C59C-4F51-A5C5-3EE5A2F95087}.Debug|x86.ActiveCfg = Debug|Any CPU
		{87EB7043-C59C-4F51-A5C5-3EE5A2F95087}.Debug|x86.Build.0 = Debug|Any CPU
		{87EB7043-C59C-4F51-A5C5-3EE5A2F95087}.Release|Any CPU.ActiveCfg = Release|Any CPU
		{87EB7043-C59C-4F51-A5C5-3EE5A2F95087}.Release|Any CPU.Build.0 = Release|Any CPU
		{87EB7043-C59C-4F51-A5C5-3EE5A2F95087}.Release|x64.ActiveCfg = Release|Any CPU
		{87EB7043-C59C-4F51-A5C5-3EE5A2F95087}.Release|x64.Build.0 = Release|Any CPU
		{87EB7043-C59C-4F51-A5C5-3EE5A2F95087}.Release|x86.ActiveCfg = Release|Any CPU
		{87EB7043-C59C-4F51-A5C5-3EE5A2F95087}.Release|x86.Build.0 = Release|Any CPU
		{BD2BAF0C-0C4A-4D1B-ABF6-3109DC583DE7}.Debug|Any CPU.ActiveCfg = Debug|Any CPU
		{BD2BAF0C-0C4A-4D1B-ABF6-3109DC583DE7}.Debug|Any CPU.Build.0 = Debug|Any CPU
		{BD2BAF0C-0C4A-4D1B-ABF6-3109DC583DE7}.Debug|x64.ActiveCfg = Debug|Any CPU
		{BD2BAF0C-0C4A-4D1B-ABF6-3109DC583DE7}.Debug|x64.Build.0 = Debug|Any CPU
		{BD2BAF0C-0C4A-4D1B-ABF6-3109DC583DE7}.Debug|x86.ActiveCfg = Debug|Any CPU
		{BD2BAF0C-0C4A-4D1B-ABF6-3109DC583DE7}.Debug|x86.Build.0 = Debug|Any CPU
		{BD2BAF0C-0C4A-4D1B-ABF6-3109DC583DE7}.Release|Any CPU.ActiveCfg = Release|Any CPU
		{BD2BAF0C-0C4A-4D1B-ABF6-3109DC583DE7}.Release|Any CPU.Build.0 = Release|Any CPU
		{BD2BAF0C-0C4A-4D1B-ABF6-3109DC583DE7}.Release|x64.ActiveCfg = Release|Any CPU
		{BD2BAF0C-0C4A-4D1B-ABF6-3109DC583DE7}.Release|x64.Build.0 = Release|Any CPU
		{BD2BAF0C-0C4A-4D1B-ABF6-3109DC583DE7}.Release|x86.ActiveCfg = Release|Any CPU
		{BD2BAF0C-0C4A-4D1B-ABF6-3109DC583DE7}.Release|x86.Build.0 = Release|Any CPU
		{B73E7ACE-AD6E-4EAA-8E49-EF2A04083835}.Debug|Any CPU.ActiveCfg = Debug|Any CPU
		{B73E7ACE-AD6E-4EAA-8E49-EF2A04083835}.Debug|Any CPU.Build.0 = Debug|Any CPU
		{B73E7ACE-AD6E-4EAA-8E49-EF2A04083835}.Debug|x64.ActiveCfg = Debug|Any CPU
		{B73E7ACE-AD6E-4EAA-8E49-EF2A04083835}.Debug|x64.Build.0 = Debug|Any CPU
		{B73E7ACE-AD6E-4EAA-8E49-EF2A04083835}.Debug|x86.ActiveCfg = Debug|Any CPU
		{B73E7ACE-AD6E-4EAA-8E49-EF2A04083835}.Debug|x86.Build.0 = Debug|Any CPU
		{B73E7ACE-AD6E-4EAA-8E49-EF2A04083835}.Release|Any CPU.ActiveCfg = Release|Any CPU
		{B73E7ACE-AD6E-4EAA-8E49-EF2A04083835}.Release|Any CPU.Build.0 = Release|Any CPU
		{B73E7ACE-AD6E-4EAA-8E49-EF2A04083835}.Release|x64.ActiveCfg = Release|Any CPU
		{B73E7ACE-AD6E-4EAA-8E49-EF2A04083835}.Release|x64.Build.0 = Release|Any CPU
		{B73E7ACE-AD6E-4EAA-8E49-EF2A04083835}.Release|x86.ActiveCfg = Release|Any CPU
		{B73E7ACE-AD6E-4EAA-8E49-EF2A04083835}.Release|x86.Build.0 = Release|Any CPU
		{FB3A3C82-2899-4C13-940A-EE31413DB270}.Debug|Any CPU.ActiveCfg = Debug|Any CPU
		{FB3A3C82-2899-4C13-940A-EE31413DB270}.Debug|Any CPU.Build.0 = Debug|Any CPU
		{FB3A3C82-2899-4C13-940A-EE31413DB270}.Debug|x64.ActiveCfg = Debug|Any CPU
		{FB3A3C82-2899-4C13-940A-EE31413DB270}.Debug|x64.Build.0 = Debug|Any CPU
		{FB3A3C82-2899-4C13-940A-EE31413DB270}.Debug|x86.ActiveCfg = Debug|Any CPU
		{FB3A3C82-2899-4C13-940A-EE31413DB270}.Debug|x86.Build.0 = Debug|Any CPU
		{FB3A3C82-2899-4C13-940A-EE31413DB270}.Release|Any CPU.ActiveCfg = Release|Any CPU
		{FB3A3C82-2899-4C13-940A-EE31413DB270}.Release|Any CPU.Build.0 = Release|Any CPU
		{FB3A3C82-2899-4C13-940A-EE31413DB270}.Release|x64.ActiveCfg = Release|Any CPU
		{FB3A3C82-2899-4C13-940A-EE31413DB270}.Release|x64.Build.0 = Release|Any CPU
		{FB3A3C82-2899-4C13-940A-EE31413DB270}.Release|x86.ActiveCfg = Release|Any CPU
		{FB3A3C82-2899-4C13-940A-EE31413DB270}.Release|x86.Build.0 = Release|Any CPU
	EndGlobalSection
	GlobalSection(SolutionProperties) = preSolution
		HideSolutionNode = FALSE
	EndGlobalSection
	GlobalSection(NestedProjects) = preSolution
		{FB3A3C82-2899-4C13-940A-EE31413DB270} = {9D85E5E7-B564-4C84-A2D1-F7AC5037E8A0}
	EndGlobalSection
	GlobalSection(ExtensibilityGlobals) = postSolution
		SolutionGuid = {A528B0B2-B10E-4A02-B93D-D2ECD52CA476}
	EndGlobalSection
EndGlobal
